version = 1
revision = 5
requires-python = "==3.14.*"

[[package]]
name = "asgiref"
version = "3.12.1"
source = { registry = "https://pypi.org/simple" }
sdist = { url = "https://files.pythonhosted.org/packages/e6/26/3b59f2bdae5f640389becb1f673cded775287f5fc4f816309d9ca9a3f93d/asgiref-3.12.1.tar.gz", hash = "sha256:59dcb51c272ad209d59bed5708a64a333083e86017d7fcdd67498eeab7784340", size = 42378, upload-time = "2026-07-14T09:56:18.087Z" }
wheels = [
    { url = "https://files.pythonhosted.org/packages/c0/1b/54f4ad77cd8a584fa70746c47df988e002cf1ee1eba43364d46f87803647/asgiref-3.12.1-py3-none-any.whl", hash = "sha256:fe386d1c2bff7259ea95929266d12a8cf9a8b5a1c2598402967d8792e7a7c094", size = 25478, upload-time = "2026-07-14T09:56:16.926Z" },
]

[[package]]
name = "django"
version = "5.2.17"
source = { registry = "https://pypi.org/simple" }
dependencies = [
    { name = "asgiref" },
    { name = "sqlparse" },
    { name = "tzdata", marker = "sys_platform == 'win32'" },
]
sdist = { url = "https://files.pythonhosted.org/packages/d5/d8/43e9d000519adceb189620b6869ff88031e046df91c2e9da72f8f6918399/django-5.2.17.tar.gz", hash = "sha256:9d4d93be539a18ab80d058eb515900e10951e04c537c5a6b394fc49528d3251f", size = 10889740, upload-time = "2026-08-04T15:04:03.173Z" }
wheels = [
    { url = "https://files.pythonhosted.org/packages/df/f8/ce120525ca78f12b07daf65786679c5d0b54a75285a8958d3ae55e39da35/django-5.2.17-py3-none-any.whl", hash = "sha256:f04fb3b36ee119e1af4fa1d397d5fd6cf12700f49321e84d4f4c642c5b1973db", size = 8315563, upload-time = "2026-08-04T15:03:59.1Z" },
]

[[package]]
name = "djangorestframework"
version = "3.18.1"
source = { registry = "https://pypi.org/simple" }
dependencies = [
    { name = "django" },
]
sdist = { url = "https://files.pythonhosted.org/packages/8a/2e/b3ce9d449b1ed9f9dd74fb7dfbc5f20860d5f40c2b4b10a2c3eabd8ff579/djangorestframework-3.18.1.tar.gz", hash = "sha256:605d79fa2ec2f02905492e5ea13d903c2d842d0b4c915a57f7bf02ab9f3c91dd", size = 915653, upload-time = "2026-09-07T18:04:08.288Z" }
wheels = [
    { url = "https://files.pythonhosted.org/packages/e8/83/5ed615e47339d8e65f62eb1a8133f8f046492eb3a25ad40d90acb9a208b3/djangorestframework-3.18.1-py3-none-any.whl", hash = "sha256:f1409d698967aaf82d5d98d76b549c8fba8bd92ebd0d83d24454508f72168dc2", size = 901373, upload-time = "2026-09-07T18:04:06.237Z" },
]

[[package]]
name = "orderdesk-backend"
version = "0.1.0"
source = { virtual = "." }
dependencies = [
    { name = "django" },
    { name = "djangorestframework" },
    { name = "psycopg", extra = ["binary"] },
]

[package.dev-dependencies]
dev = [
    { name = "ruff" },
]

[package.metadata]
requires-dist = [
    { name = "django", specifier = "==5.2.17" },
    { name = "djangorestframework", specifier = "==3.18.1" },
    { name = "psycopg", extras = ["binary"], specifier = "==3.3.6" },
]

[package.metadata.requires-dev]
dev = [{ name = "ruff", specifier = "==0.16.10" }]

[[package]]
name = "psycopg"
version = "3.3.6"
source = { registry = "https://pypi.org/simple" }
dependencies = [
    { name = "tzdata", marker = "sys_platform == 'win32'" },
]
sdist = { url = "https://files.pythonhosted.org/packages/76/26/3ea4ca5eaea1c0debcdf7ee7c1613fbe721dc27a03c461c0817ffd8a0601/psycopg-3.3.6.tar.gz", hash = "sha256:c081f2250df751a943036e42db6df4571c66cd0aabe8291a7a506512b12007d2", size = 168171, upload-time = "2026-09-18T13:22:55.152Z" }
wheels = [
    { url = "https://files.pythonhosted.org/packages/4e/de/748bd7609c71cae5d737f0ba9192f19329f70180ecda8fff3cac02c5abe3/psycopg-3.3.6-py3-none-any.whl", hash = "sha256:a1db9f7148b06a28606767efaca51fa6f9398c5c0a3810519be69d7000bdb631", size = 215490, upload-time = "2026-09-18T13:15:29.374Z" },
]

[package.optional-dependencies]
binary = [
    { name = "psycopg-binary", marker = "implementation_name != 'pypy'" },
]

[[package]]
name = "psycopg-binary"
version = "3.3.6"
source = { registry = "https://pypi.org/simple" }
wheels = [
    { url = "https://files.pythonhosted.org/packages/6d/b9/60711317c284a442511644ea7185b56ebe627606d6741e732cd16108c47b/psycopg_binary-3.3.6-cp314-cp314-macosx_10_15_x86_64.whl", hash = "sha256:b3f75dee0f9afafabe4edc52c4842f1e1878ed2069bd05b22d6fe961e97e4dba", size = 4720512, upload-time = "2026-09-18T13:20:29.278Z" },
    { url = "https://files.pythonhosted.org/packages/63/da/28befc84454cbc6374550de7746f591f8fe1b6165c1fce249652cc8291c4/psycopg_binary-3.3.6-cp314-cp314-macosx_11_0_arm64.whl", hash = "sha256:5927b7ba63153cd8e9862987290a2b783a5c590daf2a4ef981700cc3569166d4", size = 4782318, upload-time = "2026-09-18T13:20:35.401Z" },
    { url = "https://files.pythonhosted.org/packages/a4/8a/0d21c2c833cdc0d4244c77e858e0ed37fa2abec2623be4fd686f617109ce/psycopg_binary-3.3.6-cp314-cp314-manylinux2014_ppc64le.manylinux_2_17_ppc64le.whl", hash = "sha256:0bf08b749cc144f33b44a91b78e3f71c60eb07963746a0df5a100b36ce3d7475", size = 5567460, upload-time = "2026-09-18T13:20:41.902Z" },
    { url = "https://files.pythonhosted.org/packages/49/6d/7692d0d4e656b6cc9868d8acc2e3b42f17a0db4a625400a6d093cb0533a1/psycopg_binary-3.3.6-cp314-cp314-manylinux2014_x86_64.manylinux_2_17_x86_64.whl", hash = "sha256:31cd942c23f613276b81a6e6598cefa12960058b0f46e1e874b540c793f6aca5", size = 5246902, upload-time = "2026-09-18T13:20:47.661Z" },
    { url = "https://files.pythonhosted.org/packages/d4/c1/b8a1f18fb1b7558a17f57f7cb3fc8bc93189feea2958925950b3acb15743/psycopg_binary-3.3.6-cp314-cp314-manylinux_2_27_aarch64.manylinux_2_28_aarch64.whl", hash = "sha256:4690cf67738f0e0e49a32aeec99bf0e4595cc2b4f1af984a4345394b1dcff91a", size = 6847192, upload-time = "2026-09-18T13:20:56.874Z" },
    { url = "https://files.pythonhosted.org/packages/a5/76/404f33519167c65cca88ec4998776f1dbebccc301ee977f0e62c47fb0826/psycopg_binary-3.3.6-cp314-cp314-manylinux_2_38_riscv64.manylinux_2_39_riscv64.whl", hash = "sha256:ad1c785e784cfd87e8436c6b7702f2d321fc39601bbaf29bc63a41a867091638", size = 5079573, upload-time = "2026-09-18T13:21:04.155Z" },
    { url = "https://files.pythonhosted.org/packages/f0/d9/79e8fbc8f37262a415f3550f0bcc5f98037442bf3d12ef6cbae2056655ae/psycopg_binary-3.3.6-cp314-cp314-musllinux_1_2_aarch64.whl", hash = "sha256:79a2a1c3449f6c3409427078ed1cec10de79f3023cb5f2504f0597d350ad46c7", size = 4613633, upload-time = "2026-09-18T13:21:10.664Z" },
    { url = "https://files.pythonhosted.org/packages/d4/47/96225db74be7d2ce04b3a58678b53cda610225055edf5faa775c9f501d8b/psycopg_binary-3.3.6-cp314-cp314-musllinux_1_2_ppc64le.whl", hash = "sha256:86147cb5d140341c3363fb5bacce31f8d5543902a46699d3c536b101bbceaf9e", size = 4293375, upload-time = "2026-09-18T13:21:16.027Z" },
    { url = "https://files.pythonhosted.org/packages/2a/d2/18e9c779a5efd565250329adaf529ecc2b8b2ed5be5cb0f6ccee208cbfd9/psycopg_binary-3.3.6-cp314-cp314-musllinux_1_2_riscv64.whl", hash = "sha256:7308c93cf0b19bbaf8e6ff0a6ad50d3c442385739245fe15a8d593bf841734a6", size = 4019883, upload-time = "2026-09-18T13:21:21.587Z" },
    { url = "https://files.pythonhosted.org/packages/ef/28/0cc654afc6c2cda982767f5679d3646b30b1ec86545bdaa9402202d6776c/psycopg_binary-3.3.6-cp314-cp314-musllinux_1_2_x86_64.whl", hash = "sha256:05a83ac9fd52b9bca7cb5ab04b3691163170bd16f53defa27216ea3aa07ee781", size = 4332607, upload-time = "2026-09-18T13:21:27.63Z" },
    { url = "https://files.pythonhosted.org/packages/f1/3e/0a753a74fbd7aef120f286c016e09d3cc3f1daf7688f4a145d27281260b2/psycopg_binary-3.3.6-cp314-cp314-win_amd64.whl", hash = "sha256:1fbd30e537dab22cafdf080608f10148fe2a5f3a61294ddb5113caac8a623840", size = 3755671, upload-time = "2026-09-18T13:21:33.855Z" },
]

[[package]]
name = "ruff"
version = "0.16.10"
source = { registry = "https://pypi.org/simple" }
sdist = { url = "https://files.pythonhosted.org/packages/c4/49/23802c45f093eb14bde54b141d2b2f058edfa63a06db7beed047308cc08f/ruff-0.16.10.tar.gz", hash = "sha256:eff4728c4eaae93f0955cd264d24b2ab348e74bf59986ccf282ba6dc16b3b017", size = 4958724, upload-time = "2026-10-01T18:03:21.697Z" }
wheels = [
    { url = "https://files.pythonhosted.org/packages/2f/21/ebce22e1d90cdb2cd691026b9c6e9bec6499f0b396089481755b5d49efff/ruff-0.16.10-py3-none-linux_armv6l.whl", hash = "sha256:488b0fe3f3574210e5cf80d9f59b9e3ab17a127a8155de3f307b392589cfb511", size = 10095557, upload-time = "2026-10-01T18:02:36.072Z" },
    { url = "https://files.pythonhosted.org/packages/cb/98/a54de85876a8b2612bfa0d84c7b9abfb39c6a3354aee7800b09c1649b9e3/ruff-0.16.10-py3-none-macosx_10_12_x86_64.whl", hash = "sha256:e748ff95c934c4e978783b8e687bc174e7bd84e8ad24e3243e1ecfcda5e0282d", size = 10340577, upload-time = "2026-10-01T18:02:39.258Z" },
    { url = "https://files.pythonhosted.org/packages/9f/16/1a5a4a2657effe4806110f2b907313802f1367fcdbb29e8122766e407fab/ruff-0.16.10-py3-none-macosx_11_0_arm64.whl", hash = "sha256:3031a4a2e8e7b8a46f70be45f198c35a11ece509a94b80334d8d397a33c67550", size = 9774282, upload-time = "2026-10-01T18:02:41.79Z" },
    { url = "https://files.pythonhosted.org/packages/6e/fb/470085af734da396e68cd80fb0a3e7c109a459716ae59588c0f6fab8a17d/ruff-0.16.10-py3-none-manylinux_2_17_aarch64.manylinux2014_aarch64.whl", hash = "sha256:494401c86df4c4c25f69b9419605d944467ee98c42fb6ad405ef4fa40b8fb67d", size = 9920895, upload-time = "2026-10-01T18:02:44.458Z" },
    { url = "https://files.pythonhosted.org/packages/57/de/f10cffe4f88a37ea6615ec460f01bf76f0bc1477737a35d9ee61a630a78b/ruff-0.16.10-py3-none-manylinux_2_17_armv7l.manylinux2014_armv7l.whl", hash = "sha256:d203abc0ff2b773ee33d00ab8df0bb67046fbc7c07b119332f08b9b345cf8221", size = 9902707, upload-time = "2026-10-01T18:02:47.041Z" },
    { url = "https://files.pythonhosted.org/packages/ff/44/3fdcedf83ae60ef837dd239170e480dce606a9142cfa2db911afdf855fd9/ruff-0.16.10-py3-none-manylinux_2_17_i686.manylinux2014_i686.whl", hash = "sha256:bd83d1235a5258d318477bc5b576303974cbdef5df0c01a1bff14efcc23bd12a", size = 10619287, upload-time = "2026-10-01T18:02:49.485Z" },
    { url = "https://files.pythonhosted.org/packages/c1/62/02e76a5574002153618eafbb70e159468addc72a5d2c488e65cbb4639d2d/ruff-0.16.10-py3-none-manylinux_2_17_ppc64le.manylinux2014_ppc64le.whl", hash = "sha256:bc2610fb269fa56dd8a68669ae470fa6272902668c0fc2ebc3aa112b2633d5b8", size = 11339942, upload-time = "2026-10-01T18:02:52.008Z" },
    { url = "https://files.pythonhosted.org/packages/6b/c4/cde27d47ad8d4126c587e608c67c46e7feac11763f606d261a1bc8a489e6/ruff-0.16.10-py3-none-manylinux_2_17_s390x.manylinux2014_s390x.whl", hash = "sha256:3e70175e29cc94c26ea296c80e470180b744b7419026898e58f520c6ab32578e", size = 10934316, upload-time = "2026-10-01T18:02:54.811Z" },
    { url = "https://files.pythonhosted.org/packages/e4/03/17234145f302a645a123e8c3bb2411ecf4669fbc350de3b0d803230a1729/ruff-0.16.10-py3-none-manylinux_2_17_x86_64.manylinux2014_x86_64.whl", hash = "sha256:f33f43a864a8483eebd160e713336c8bab02c934feaff0a33cf5ccb41546d09a", size = 10387968, upload-time = "2026-10-01T18:02:57.497Z" },
    { url = "https://files.pythonhosted.org/packages/71/29/2493af60240ee7644b38a4b821f5f9c3b5a4fa3178770fe1d0c685217395/ruff-0.16.10-py3-none-manylinux_2_31_riscv64.whl", hash = "sha256:1dfc6f0088149fb6a362c1c446bcbb3fd2157b3852fe2fa68409276eab9ad9b3", size = 10537906, upload-time = "2026-10-01T18:03:00.006Z" },
    { url = "https://files.pythonhosted.org/packages/2e/9a/f56b28f3b143bb9e518c34fb89ab191b626bca8b70dbf8af0d2e2d473572/ruff-0.16.10-py3-none-musllinux_1_2_aarch64.whl", hash = "sha256:6553498afc35f580f036030795810b9e6bcea31604b0fd9e8d352795473042e3", size = 10012938, upload-time = "2026-10-01T18:03:03.006Z" },
    { url = "https://files.pythonhosted.org/packages/c2/c4/fca37362848ea4d4d80712df13632e645e7c7cfb1bdedf140699ac7a090b/ruff-0.16.10-py3-none-musllinux_1_2_armv7l.whl", hash = "sha256:a3b8471dea115d37f123882be852bed13403746d3a76c11de4a19ec5f9ff5a03", size = 9897945, upload-time = "2026-10-01T18:03:05.818Z" },
    { url = "https://files.pythonhosted.org/packages/7d/c7/e0bc57664d6e0c61fd22f620af260fe9662d7e1ddb320ea7f160e76ef165/ruff-0.16.10-py3-none-musllinux_1_2_i686.whl", hash = "sha256:92e59a70bcbd9d3a5483656da906ec28edfdacfce00afd99edb8b4e9d15644be", size = 10333134, upload-time = "2026-10-01T18:03:08.25Z" },
    { url = "https://files.pythonhosted.org/packages/21/aa/5c9f3b68737c0e4a33a1db5dfab44f7b786d96ca91a7233112ddab1e6dc2/ruff-0.16.10-py3-none-musllinux_1_2_x86_64.whl", hash = "sha256:7ae7375f803b5520dc9f546bed7e3a0acb70b91812e9bb4b19927de22f25b77d", size = 10741702, upload-time = "2026-10-01T18:03:10.775Z" },
    { url = "https://files.pythonhosted.org/packages/78/fa/0f9c2020dc316c53d983be011720b8157cc052b97e3f4dfa7db6d0f880a6/ruff-0.16.10-py3-none-win32.whl", hash = "sha256:2a12e01cb9156c10c466f63b46eaae5ecea28dfbd21b5836353ae498e7d1349a", size = 10139176, upload-time = "2026-10-01T18:03:13.267Z" },
    { url = "https://files.pythonhosted.org/packages/99/29/cfb0df9448d4d4ad48c2de029ada9ebd71baa6da983a6c77ee6c6cd0fe82/ruff-0.16.10-py3-none-win_amd64.whl", hash = "sha256:97f2015c92aa97105b0eab19eb5d224884399281cfc5da86a92db4ab5e7fb2ca", size = 10584734, upload-time = "2026-10-01T18:03:16.006Z" },
    { url = "https://files.pythonhosted.org/packages/fc/05/c16957eb287c3fc062e032619a25868d93d408a844b725bcf514f7a378ff/ruff-0.16.10-py3-none-win_arm64.whl", hash = "sha256:25a65fe998c4e6861ec079ada5826a2fc605e6cbccbe9dcd7fac1f54e791621b", size = 10366440, upload-time = "2026-10-01T18:03:19.04Z" },
]

[[package]]
name = "sqlparse"
version = "0.6.0"
source = { registry = "https://pypi.org/simple" }
sdist = { url = "https://files.pythonhosted.org/packages/5f/d3/3f06a1006f2261d1342aefb3c71eed02f5d4ca5bdbecd86ebc12ad38306e/sqlparse-0.6.0.tar.gz", hash = "sha256:113c35c75365ab9cc9c7231d68c6428fb11c085fc8e9eb1ad659b7ddbf6cd2b9", size = 178477, upload-time = "2026-08-13T19:16:06.396Z" }
wheels = [
    { url = "https://files.pythonhosted.org/packages/d9/50/f00935da0ec7cbf325f8dc4f772ae46fbc7b672dd62876e73f0a94adda57/sqlparse-0.6.0-py3-none-any.whl", hash = "sha256:b861c0288ce2fa56209a9a6412d2e066ac664b3873b89c26c9d8415e8e32996f", size = 50070, upload-time = "2026-08-13T19:16:04.062Z" },
]

[[package]]
name = "tzdata"
version = "2026.5"
source = { registry = "https://pypi.org/simple" }
sdist = { url = "https://files.pythonhosted.org/packages/d9/68/f1b440335057bfce71b6e50a9d09445aa2ecbd08359a337976627b8409e7/tzdata-2026.5.tar.gz", hash = "sha256:8cc73c0a0bfca7dbfa59235d60b2eff82231dee33f53d206db1acd9173cfc0a7", size = 200404, upload-time = "2026-10-03T09:23:14.143Z" }
wheels = [
    { url = "https://files.pythonhosted.org/packages/94/21/1e5995a1c920cce14e4bffae20c665ec10e7ed03ab25e006cd741092b718/tzdata-2026.5-py2.py3-none-any.whl", hash = "sha256:b683bd1b6659ddcd810ff02ad09ba821d4bf1065072805063eb35c49617905ac", size = 347996, upload-time = "2026-10-03T09:23:12.535Z" },
]
